
Microsoft Visual Studio Solution File, Format Version 12.00
# Visual Studio Version 17
VisualStudioVersion = 17.7.34031.279
MinimumVisualStudioVersion = 10.0.40219.1
Project("{FAE04EC0-301F-11D3-BF4B-00C04F79EFBC}") = "WindowsFormsApp1", "WindowsFormsApp1.csproj", "{1EF1A156-D65B-4609-AE53-6B09BE0FC881}"
EndProject
Global
	GlobalSection(SolutionConfigurationPlatforms) = preSolution
		Debug|Any CPU = Debug|Any CPU
		Release|Any CPU = Release|Any CPU
	EndGlobalSection
	GlobalSection(ProjectConfigurationPlatforms) = postSolution
		{1EF1A156-D65B-4609-AE53-6B09BE0FC881}.Debug|Any CPU.ActiveCfg = Debug|Any CPU
		{1EF1A156-D65B-4609-AE53-6B09BE0FC881}.Debug|Any CPU.Build.0 = Debug|Any CPU
		{1EF1A156-D65B-4609-AE53-6B09BE0FC881}.Release|Any CPU.ActiveCfg = Release|Any CPU
		{1EF1A156-D65B-4609-AE53-6B09BE0FC881}.Release|Any CPU.Build.0 = Release|Any CPU
	EndGlobalSection
	GlobalSection(SolutionProperties) = preSolution
		HideSolutionNode = FALSE
	EndGlobalSection
	GlobalSection(ExtensibilityGlobals) = postSolution
		SolutionGuid = {55A75190-7218-4367-A7D2-0CC27310F58A}
	EndGlobalSection
EndGlobal
